github.com/mattn/go-sqlite3 v1.11.0 h1:LDdKkqtYlom37fkvqs8rMPFKAMe8+SgjbwZ6ex1/A/Q=
github.com/mattn/go-sqlite3 v1.11.0/go.mod h1:FPy6KqzDD04eiIsT53CuJW3U88zkxoIYsOqkbpncsNc=
github.com/mwat56/apachelogger v1.2.8 h1:q/MkTSuAjc9pSTusM1ngQgzO5qOZL/SGkxURQm51xt8=
github.com/mwat56/apachelogger v1.2.8/go.mod h1:NEYoDPAq3BIg796c4ff/CSAj8iKCpdnS52CA32MVPM4=
github.com/mwat56/errorhandler v1.1.1 h1:dpBvQtKDAn5KQpq2L1iP0hJaUsGPMHfldVtfRMORIhg=
github.com/mwat56/errorhandler v1.1.1/go.mod h1:Cm2shh7ECbjtxv68hb2QZ1XIRpVSW0Pkr4QzFyRVqfY=
github.com/mwat56/ini v1.3.6 h1:HljLm/edD8Ny9SEdHeuTfYRKs3mqsemsAlQag+x6rkQ=
github.com/mwat56/ini v1.3.6/go.mod h1:8axjOE51DosoIr6uFSr4JHEu3xMOSsbpekf0UIxWTA8=
github.com/mwat56/passlist v1.2.0 h1:1Tka5ofA5bDQbMKu8Joam/EE+rc/GBQsGgS7CSXfxlw=
github.com/mwat56/passlist v1.2.0/go.mod h1:Xxo8P+B54Q/9uc66+skNAdKsWWYFkRqEJ3W/k73sSTE=
github.com/mwat56/sessions v0.3.4 h1:gLtRWnNORsaQbCoXvQGHZXpJ2+BmtOboBR+GBqFNEto=
github.com/mwat56/sessions v0.3.4/go.mod h1:GY/FcyOkz2lyBxvDEcaVu1xefWiIVmKDUBYnzUreizM=
github.com/nfnt/resize v0.0.0-20180221191011-83c6a9932646 h1:zYyBkD/k9seD2A7fsi6Oo2LfFZAehjjQMERAvZLEDnQ=
github.com/nfnt/resize v0.0.0-20180221191011-83c6a9932646/go.mod h1:jpp1/29i3P1S/RLdc7JQKbRpFeM1dOBd8T9ki5s+AY8=
golang.org/x/crypto v0.0.0-20190308221718-c2843e01d9a2/go.mod h1:djNgcEr1/C05ACkg1iLfiJU5Ep61QUkGW8qpdssI0+w=
golang.org/x/crypto v0.0.0-20191002192127-34f69633bfdc h1:c0o/qxkaO2LF5t6fQrT4b5hzyggAkLLlCUjqfRxd8Q4=
golang.org/x/crypto v0.0.0-20191002192127-34f69633bfdc/go.mod h1:yigFU9vqHzYiE8UmvKecakEJjdnWj3jj499lnFckfCI=
golang.org/x/net v0.0.0-20190404232315-eb5bcb51f2a3/go.mod h1:t9HGtf8HONx5eT2rtn7q6eTqICYqUVnKs3thJo3Qplg=
golang.org/x/sys v0.0.0-20190215142949-d0b11bdaac8a/go.mod h1:STP8DvDyc/dI5b8T5hshtkjS+E42TnysNCUPdjciGhY=
golang.org/x/sys v0.0.0-20190412213103-97732733099d/go.mod h1:h1NjWce9XRLGQEsW7wpKNCjG9DtNlClVuFLEZdDNbEs=
golang.org/x/sys v0.0.0-20191002091554-b397fe3ad8ed h1:5TJcLJn2a55mJjzYk0yOoqN8X1OdvBDUnaZaKKyQtkY=
golang.org/x/sys v0.0.0-20191002091554-b397fe3ad8ed/go.mod h1:h1NjWce9XRLGQEsW7wpKNCjG9DtNlClVuFLEZdDNbEs=
golang.org/x/text v0.3.0/go.mod h1:NqM8EUOU14njkJ3fqMW+pc6Ldnwhi/IjpwHt7yyuwOQ=
