github.com/mattn/go-sqlite3 v2.0.3+incompatible h1:gXHsfypPkaMZrKbD5209QV9jbUTJKjyR5WD3HYQSd+U=
github.com/mattn/go-sqlite3 v2.0.3+incompatible/go.mod h1:FPy6KqzDD04eiIsT53CuJW3U88zkxoIYsOqkbpncsNc=
github.com/mwat56/apachelogger v1.4.10 h1:4G18UZkEITSBD2r3PZFjuXaO+8dJtKorzkQXUpTJNlg=
github.com/mwat56/apachelogger v1.4.10/go.mod h1:LuMqFj0QkyaN01qlqYt5qnwb2r8yYEcyfBbbhcJKFZ4=
